// !$*UTF8*$!
{
	archiveVersion = 1;
	classes = {
	};
	objectVersion = 56;
	objects = {

/* Begin PBXBuildFile section */
		5070EFF62A0EC61000364092 /* AlamofirePlace.framework in Frameworks */ = {isa = PBXBuildFile; fileRef = 5070EFED2A0EC61000364092 /* AlamofirePlace.framework */; };
		5070EFFB2A0EC61000364092 /* AlamofirePlaceTests.swift in Sources */ = {isa = PBXBuildFile; fileRef = 5070EFFA2A0EC61000364092 /* AlamofirePlaceTests.swift */; };
		5070EFFC2A0EC61000364092 /* AlamofirePlace.h in Headers */ = {isa = PBXBuildFile; fileRef = 5070EFF02A0EC61000364092 /* AlamofirePlace.h */; settings = {ATTRIBUTES = (Public, ); }; };
/* End PBXBuildFile section */

/* Begin PBXContainerItemProxy section */
		5070EFF72A0EC61000364092 /* PBXContainerItemProxy */ = {
			isa = PBXContainerItemProxy;
			containerPortal = 5070EFE42A0EC61000364092 /* Project object */;
			proxyType = 1;
			remoteGlobalIDString = 5070EFEC2A0EC61000364092;
			remoteInfo = AlamofirePlace;
		};
/* End PBXContainerItemProxy section */

/* Begin PBXFileReference section */
		5070EFED2A0EC61000364092 /* AlamofirePlace.framework */ = {isa = PBXFileReference; explicitFileType = wrapper.framework; includeInIndex = 0; path = AlamofirePlace.framework; sourceTree = BUILT_PRODUCTS_DIR; };
		5070EFF02A0EC61000364092 /* AlamofirePlace.h */ = {isa = PBXFileReference; lastKnownFileType = sourcecode.c.h; path = AlamofirePlace.h; sourceTree = "<group>"; };
		5070EFF52A0EC61000364092 /* AlamofirePlaceTests.xctest */ = {isa = PBXFileReference; explicitFileType = wrapper.cfbundle; includeInIndex = 0; path = AlamofirePlaceTests.xctest; sourceTree = BUILT_PRODUCTS_DIR; };
		5070EFFA2A0EC61000364092 /* AlamofirePlaceTests.swift */ = {isa = PBXFileReference; lastKnownFileType = sourcecode.swift; path = AlamofirePlaceTests.swift; sourceTree = "<group>"; };
		5070F0422A0EC74500364092 /* AlamofirePlace.podspec */ = {isa = PBXFileReference; lastKnownFileType = text; path = AlamofirePlace.podspec; sourceTree = "<group>"; };
		5070F0432A0EC74E00364092 /* Podfile */ = {isa = PBXFileReference; lastKnownFileType = text; path = Podfile; sourceTree = "<group>"; };
/* End PBXFileReference section */

/* Begin PBXFrameworksBuildPhase section */
		5070EFEA2A0EC61000364092 /* Frameworks */ = {
			isa = PBXFrameworksBuildPhase;
			buildActionMask = 2147483647;
			files = (
			);
			runOnlyForDeploymentPostprocessing = 0;
		};
		5070EFF22A0EC61000364092 /* Frameworks */ = {
			isa = PBXFrameworksBuildPhase;
			buildActionMask = 2147483647;
			files = (
				5070EFF62A0EC61000364092 /* AlamofirePlace.framework in Frameworks */,
			);
			runOnlyForDeploymentPostprocessing = 0;
		};
/* End PBXFrameworksBuildPhase section */

/* Begin PBXGroup section */
		5070EFE32A0EC61000364092 = {
			isa = PBXGroup;
			children = (
				5070EFEF2A0EC61000364092 /* AlamofirePlace */,
				5070EFF92A0EC61000364092 /* AlamofirePlaceTests */,
				5070F0422A0EC74500364092 /* AlamofirePlace.podspec */,
				5070F0432A0EC74E00364092 /* Podfile */,
				5070EFEE2A0EC61000364092 /* Products */,
			);
			sourceTree = "<group>";
		};
		5070EFEE2A0EC61000364092 /* Products */ = {
			isa = PBXGroup;
			children = (
				5070EFED2A0EC61000364092 /* AlamofirePlace.framework */,
				5070EFF52A0EC61000364092 /* AlamofirePlaceTests.xctest */,
			);
			name = Products;
			sourceTree = "<group>";
		};
		5070EFEF2A0EC61000364092 /* AlamofirePlace */ = {
			isa = PBXGroup;
			children = (
				5070EFF02A0EC61000364092 /* AlamofirePlace.h */,
			);
			path = AlamofirePlace;
			sourceTree = "<group>";
		};
		5070EFF92A0EC61000364092 /* AlamofirePlaceTests */ = {
			isa = PBXGroup;
			children = (
				5070EFFA2A0EC61000364092 /* AlamofirePlaceTests.swift */,
			);
			path = AlamofirePlaceTests;
			sourceTree = "<group>";
		};
/* End PBXGroup section */

/* Begin PBXHeadersBuildPhase section */
		5070EFE82A0EC61000364092 /* Headers */ = {
			isa = PBXHeadersBuildPhase;
			buildActionMask = 2147483647;
			files = (
				5070EFFC2A0EC61000364092 /* AlamofirePlace.h in Headers */,
			);
			runOnlyForDeploymentPostprocessing = 0;
		};
/* End PBXHeadersBuildPhase section */

/* Begin PBXNativeTarget section */
		5070EFEC2A0EC61000364092 /* AlamofirePlace */ = {
			isa = PBXNativeTarget;
			buildConfigurationList = 5070EFFF2A0EC61000364092 /* Build configuration list for PBXNativeTarget "AlamofirePlace" */;
			buildPhases = (
				5070EFE82A0EC61000364092 /* Headers */,
				5070EFE92A0EC61000364092 /* Sources */,
				5070EFEA2A0EC61000364092 /* Frameworks */,
				5070EFEB2A0EC61000364092 /* Resources */,
			);
			buildRules = (
			);
			dependencies = (
			);
			name = AlamofirePlace;
			productName = AlamofirePlace;
			productReference = 5070EFED2A0EC61000364092 /* AlamofirePlace.framework */;
			productType = "com.apple.product-type.framework";
		};
		5070EFF42A0EC61000364092 /* AlamofirePlaceTests */ = {
			isa = PBXNativeTarget;
			buildConfigurationList = 5070F0022A0EC61000364092 /* Build configuration list for PBXNativeTarget "AlamofirePlaceTests" */;
			buildPhases = (
				5070EFF12A0EC61000364092 /* Sources */,
				5070EFF22A0EC61000364092 /* Frameworks */,
				5070EFF32A0EC61000364092 /* Resources */,
			);
			buildRules = (
			);
			dependencies = (
				5070EFF82A0EC61000364092 /* PBXTargetDependency */,
			);
			name = AlamofirePlaceTests;
			productName = AlamofirePlaceTests;
			productReference = 5070EFF52A0EC61000364092 /* AlamofirePlaceTests.xctest */;
			productType = "com.apple.product-type.bundle.unit-test";
		};
/* End PBXNativeTarget section */

/* Begin PBXProject section */
		5070EFE42A0EC61000364092 /* Project object */ = {
			isa = PBXProject;
			attributes = {
				BuildIndependentTargetsInParallel = 1;
				LastSwiftUpdateCheck = 1430;
				LastUpgradeCheck = 1430;
				TargetAttributes = {
					5070EFEC2A0EC61000364092 = {
						CreatedOnToolsVersion = 14.3;
					};
					5070EFF42A0EC61000364092 = {
						CreatedOnToolsVersion = 14.3;
					};
				};
			};
			buildConfigurationList = 5070EFE72A0EC61000364092 /* Build configuration list for PBXProject "AlamofirePlace" */;
			compatibilityVersion = "Xcode 14.0";
			developmentRegion = en;
			hasScannedForEncodings = 0;
			knownRegions = (
				en,
				Base,
			);
			mainGroup = 5070EFE32A0EC61000364092;
			productRefGroup = 5070EFEE2A0EC61000364092 /* Products */;
			projectDirPath = "";
			projectRoot = "";
			targets = (
				5070EFEC2A0EC61000364092 /* AlamofirePlace */,
				5070EFF42A0EC61000364092 /* AlamofirePlaceTests */,
			);
		};
/* End PBXProject section */

/* Begin PBXResourcesBuildPhase section */
		5070EFEB2A0EC61000364092 /* Resources */ = {
			isa = PBXResourcesBuildPhase;
			buildActionMask = 2147483647;
			files = (
			);
			runOnlyForDeploymentPostprocessing = 0;
		};
		5070EFF32A0EC61000364092 /* Resources */ = {
			isa = PBXResourcesBuildPhase;
			buildActionMask = 2147483647;
			files = (
			);
			runOnlyForDeploymentPostprocessing = 0;
		};
/* End PBXResourcesBuildPhase section */

/* Begin PBXSourcesBuildPhase section */
		5070EFE92A0EC61000364092 /* Sources */ = {
			isa = PBXSourcesBuildPhase;
			buildActionMask = 2147483647;
			files = (
			);
			runOnlyForDeploymentPostprocessing = 0;
		};
		5070EFF12A0EC61000364092 /* Sources */ = {
			isa = PBXSourcesBuildPhase;
			buildActionMask = 2147483647;
			files = (
				5070EFFB2A0EC61000364092 /* AlamofirePlaceTests.swift in Sources */,
			);
			runOnlyForDeploymentPostprocessing = 0;
		};
/* End PBXSourcesBuildPhase section */

/* Begin PBXTargetDependency section */
		5070EFF82A0EC61000364092 /* PBXTargetDependency */ = {
			isa = PBXTargetDependency;
			target = 5070EFEC2A0EC61000364092 /* AlamofirePlace */;
			targetProxy = 5070EFF72A0EC61000364092 /* PBXContainerItemProxy */;
		};
/* End PBXTargetDependency section */

/* Begin XCBuildConfiguration section */
		5070EFFD2A0EC61000364092 /* Debug */ = {
			isa = XCBuildConfiguration;
			buildSettings = {
				ALWAYS_SEARCH_USER_PATHS = NO;
				CLANG_ANALYZER_NONNULL = YES;
				CLANG_ANALYZER_NUMBER_OBJECT_CONVERSION = YES_AGGRESSIVE;
				CLANG_CXX_LANGUAGE_STANDARD = "gnu++20";
				CLANG_ENABLE_MODULES = YES;
				CLANG_ENABLE_OBJC_ARC = YES;
				CLANG_ENABLE_OBJC_WEAK = YES;
				CLANG_WARN_BLOCK_CAPTURE_AUTORELEASING = YES;
				CLANG_WARN_BOOL_CONVERSION = YES;
				CLANG_WARN_COMMA = YES;
				CLANG_WARN_CONSTANT_CONVERSION = YES;
				CLANG_WARN_DEPRECATED_OBJC_IMPLEMENTATIONS = YES;
				CLANG_WARN_DIRECT_OBJC_ISA_USAGE = YES_ERROR;
				CLANG_WARN_DOCUMENTATION_COMMENTS = YES;
				CLANG_WARN_EMPTY_BODY = YES;
				CLANG_WARN_ENUM_CONVERSION = YES;
				CLANG_WARN_INFINITE_RECURSION = YES;
				CLANG_WARN_INT_CONVERSION = YES;
				CLANG_WARN_NON_LITERAL_NULL_CONVERSION = YES;
				CLANG_WARN_OBJC_IMPLICIT_RETAIN_SELF = YES;
				CLANG_WARN_OBJC_LITERAL_CONVERSION = YES;
				CLANG_WARN_OBJC_ROOT_CLASS = YES_ERROR;
				CLANG_WARN_QUOTED_INCLUDE_IN_FRAMEWORK_HEADER = YES;
				CLANG_WARN_RANGE_LOOP_ANALYSIS = YES;
				CLANG_WARN_STRICT_PROTOTYPES = YES;
				CLANG_WARN_SUSPICIOUS_MOVE = YES;
				CLANG_WARN_UNGUARDED_AVAILABILITY = YES_AGGRESSIVE;
				CLANG_WARN_UNREACHABLE_CODE = YES;
				CLANG_WARN__DUPLICATE_METHOD_MATCH = YES;
				COPY_PHASE_STRIP = NO;
				CURRENT_PROJECT_VERSION = 1;
				DEBUG_INFORMATION_FORMAT = dwarf;
				ENABLE_STRICT_OBJC_MSGSEND = YES;
				ENABLE_TESTABILITY = YES;
				GCC_C_LANGUAGE_STANDARD = gnu11;
				GCC_DYNAMIC_NO_PIC = NO;
				GCC_NO_COMMON_BLOCKS = YES;
				GCC_OPTIMIZATION_LEVEL = 0;
				GCC_PREPROCESSOR_DEFINITIONS = (
					"DEBUG=1",
					"$(inherited)",
				);
				GCC_WARN_64_TO_32_BIT_CONVERSION = YES;
				GCC_WARN_ABOUT_RETURN_TYPE = YES_ERROR;
				GCC_WARN_UNDECLARED_SELECTOR = YES;
				GCC_WARN_UNINITIALIZED_AUTOS = YES_AGGRESSIVE;
				GCC_WARN_UNUSED_FUNCTION = YES;
				GCC_WARN_UNUSED_VARIABLE = YES;
				IPHONEOS_DEPLOYMENT_TARGET = 16.4;
				MTL_ENABLE_DEBUG_INFO = INCLUDE_SOURCE;
				MTL_FAST_MATH = YES;
				ONLY_ACTIVE_ARCH = YES;
				SDKROOT = iphoneos;
				SWIFT_ACTIVE_COMPILATION_CONDITIONS = DEBUG;
				SWIFT_OPTIMIZATION_LEVEL = "-Onone";
				VERSIONING_SYSTEM = "apple-generic";
				VERSION_INFO_PREFIX = "";
			};
			name = Debug;
		};
		5070EFFE2A0EC61000364092 /* Release */ = {
			isa = XCBuildConfiguration;
			buildSettings = {
				ALWAYS_SEARCH_USER_PATHS = NO;
				CLANG_ANALYZER_NONNULL = YES;
				CLANG_ANALYZER_NUMBER_OBJECT_CONVERSION = YES_AGGRESSIVE;
				CLANG_CXX_LANGUAGE_STANDARD = "gnu++20";
				CLANG_ENABLE_MODULES = YES;
				CLANG_ENABLE_OBJC_ARC = YES;
				CLANG_ENABLE_OBJC_WEAK = YES;
				CLANG_WARN_BLOCK_CAPTURE_AUTORELEASING = YES;
				CLANG_WARN_BOOL_CONVERSION = YES;
				CLANG_WARN_COMMA = YES;
				CLANG_WARN_CONSTANT_CONVERSION = YES;
				CLANG_WARN_DEPRECATED_OBJC_IMPLEMENTATIONS = YES;
				CLANG_WARN_DIRECT_OBJC_ISA_USAGE = YES_ERROR;
				CLANG_WARN_DOCUMENTATION_COMMENTS = YES;
				CLANG_WARN_EMPTY_BODY = YES;
				CLANG_WARN_ENUM_CONVERSION = YES;
				CLANG_WARN_INFINITE_RECURSION = YES;
				CLANG_WARN_INT_CONVERSION = YES;
				CLANG_WARN_NON_LITERAL_NULL_CONVERSION = YES;
				CLANG_WARN_OBJC_IMPLICIT_RETAIN_SELF = YES;
				CLANG_WARN_OBJC_LITERAL_CONVERSION = YES;
				CLANG_WARN_OBJC_ROOT_CLASS = YES_ERROR;
				CLANG_WARN_QUOTED_INCLUDE_IN_FRAMEWORK_HEADER = YES;
				CLANG_WARN_RANGE_LOOP_ANALYSIS = YES;
				CLANG_WARN_STRICT_PROTOTYPES = YES;
				CLANG_WARN_SUSPICIOUS_MOVE = YES;
				CLANG_WARN_UNGUARDED_AVAILABILITY = YES_AGGRESSIVE;
				CLANG_WARN_UNREACHABLE_CODE = YES;
				CLANG_WARN__DUPLICATE_METHOD_MATCH = YES;
				COPY_PHASE_STRIP = NO;
				CURRENT_PROJECT_VERSION = 1;
				DEBUG_INFORMATION_FORMAT = "dwarf-with-dsym";
				ENABLE_NS_ASSERTIONS = NO;
				ENABLE_STRICT_OBJC_MSGSEND = YES;
				GCC_C_LANGUAGE_STANDARD = gnu11;
				GCC_NO_COMMON_BLOCKS = YES;
				GCC_WARN_64_TO_32_BIT_CONVERSION = YES;
				GCC_WARN_ABOUT_RETURN_TYPE = YES_ERROR;
				GCC_WARN_UNDECLARED_SELECTOR = YES;
				GCC_WARN_UNINITIALIZED_AUTOS = YES_AGGRESSIVE;
				GCC_WARN_UNUSED_FUNCTION = YES;
				GCC_WARN_UNUSED_VARIABLE = YES;
				IPHONEOS_DEPLOYMENT_TARGET = 16.4;
				MTL_ENABLE_DEBUG_INFO = NO;
				MTL_FAST_MATH = YES;
				SDKROOT = iphoneos;
				SWIFT_COMPILATION_MODE = wholemodule;
				SWIFT_OPTIMIZATION_LEVEL = "-O";
				VALIDATE_PRODUCT = YES;
				VERSIONING_SYSTEM = "apple-generic";
				VERSION_INFO_PREFIX = "";
			};
			name = Release;
		};
		5070F0002A0EC61000364092 /* Debug */ = {
			isa = XCBuildConfiguration;
			buildSettings = {
				CODE_SIGN_STYLE = Automatic;
				CURRENT_PROJECT_VERSION = 1;
				DEFINES_MODULE = YES;
				DYLIB_COMPATIBILITY_VERSION = 1;
				DYLIB_CURRENT_VERSION = 1;
				DYLIB_INSTALL_NAME_BASE = "@rpath";
				ENABLE_MODULE_VERIFIER = YES;
				GENERATE_INFOPLIST_FILE = YES;
				INFOPLIST_KEY_NSHumanReadableCopyright = "";
				INSTALL_PATH = "$(LOCAL_LIBRARY_DIR)/Frameworks";
				LD_RUNPATH_SEARCH_PATHS = (
					"$(inherited)",
					"@executable_path/Frameworks",
					"@loader_path/Frameworks",
				);
				MARKETING_VERSION = 1.0;
				MODULE_VERIFIER_SUPPORTED_LANGUAGES = "objective-c objective-c++";
				MODULE_VERIFIER_SUPPORTED_LANGUAGE_STANDARDS = "gnu11 gnu++20";
				PRODUCT_BUNDLE_IDENTIFIER = org.lowammo.testing.AlamofirePlace;
				PRODUCT_NAME = "$(TARGET_NAME:c99extidentifier)";
				SKIP_INSTALL = YES;
				SWIFT_EMIT_LOC_STRINGS = YES;
				SWIFT_VERSION = 5.0;
				TARGETED_DEVICE_FAMILY = "1,2";
			};
			name = Debug;
		};
		5070F0012A0EC61000364092 /* Release */ = {
			isa = XCBuildConfiguration;
			buildSettings = {
				CODE_SIGN_STYLE = Automatic;
				CURRENT_PROJECT_VERSION = 1;
				DEFINES_MODULE = YES;
				DYLIB_COMPATIBILITY_VERSION = 1;
				DYLIB_CURRENT_VERSION = 1;
				DYLIB_INSTALL_NAME_BASE = "@rpath";
				ENABLE_MODULE_VERIFIER = YES;
				GENERATE_INFOPLIST_FILE = YES;
				INFOPLIST_KEY_NSHumanReadableCopyright = "";
				INSTALL_PATH = "$(LOCAL_LIBRARY_DIR)/Frameworks";
				LD_RUNPATH_SEARCH_PATHS = (
					"$(inherited)",
					"@executable_path/Frameworks",
					"@loader_path/Frameworks",
				);
				MARKETING_VERSION = 1.0;
				MODULE_VERIFIER_SUPPORTED_LANGUAGES = "objective-c objective-c++";
				MODULE_VERIFIER_SUPPORTED_LANGUAGE_STANDARDS = "gnu11 gnu++20";
				PRODUCT_BUNDLE_IDENTIFIER = org.lowammo.testing.AlamofirePlace;
				PRODUCT_NAME = "$(TARGET_NAME:c99extidentifier)";
				SKIP_INSTALL = YES;
				SWIFT_EMIT_LOC_STRINGS = YES;
				SWIFT_VERSION = 5.0;
				TARGETED_DEVICE_FAMILY = "1,2";
			};
			name = Release;
		};
		5070F0032A0EC61000364092 /* Debug */ = {
			isa = XCBuildConfiguration;
			buildSettings = {
				CODE_SIGN_STYLE = Automatic;
				CURRENT_PROJECT_VERSION = 1;
				GENERATE_INFOPLIST_FILE = YES;
				MARKETING_VERSION = 1.0;
				PRODUCT_BUNDLE_IDENTIFIER = org.lowammo.testing.AlamofirePlaceTests;
				PRODUCT_NAME = "$(TARGET_NAME)";
				SWIFT_EMIT_LOC_STRINGS = NO;
				SWIFT_VERSION = 5.0;
				TARGETED_DEVICE_FAMILY = "1,2";
			};
			name = Debug;
		};
		5070F0042A0EC61000364092 /* Release */ = {
			isa = XCBuildConfiguration;
			buildSettings = {
				CODE_SIGN_STYLE = Automatic;
				CURRENT_PROJECT_VERSION = 1;
				GENERATE_INFOPLIST_FILE = YES;
				MARKETING_VERSION = 1.0;
				PRODUCT_BUNDLE_IDENTIFIER = org.lowammo.testing.AlamofirePlaceTests;
				PRODUCT_NAME = "$(TARGET_NAME)";
				SWIFT_EMIT_LOC_STRINGS = NO;
				SWIFT_VERSION = 5.0;
				TARGETED_DEVICE_FAMILY = "1,2";
			};
			name = Release;
		};
/* End XCBuildConfiguration section */

/* Begin XCConfigurationList section */
		5070EFE72A0EC61000364092 /* Build configuration list for PBXProject "AlamofirePlace" */ = {
			isa = XCConfigurationList;
			buildConfigurations = (
				5070EFFD2A0EC61000364092 /* Debug */,
				5070EFFE2A0EC61000364092 /* Release */,
			);
			defaultConfigurationIsVisible = 0;
			defaultConfigurationName = Release;
		};
		5070EFFF2A0EC61000364092 /* Build configuration list for PBXNativeTarget "AlamofirePlace" */ = {
			isa = XCConfigurationList;
			buildConfigurations = (
				5070F0002A0EC61000364092 /* Debug */,
				5070F0012A0EC61000364092 /* Release */,
			);
			defaultConfigurationIsVisible = 0;
			defaultConfigurationName = Release;
		};
		5070F0022A0EC61000364092 /* Build configuration list for PBXNativeTarget "AlamofirePlaceTests" */ = {
			isa = XCConfigurationList;
			buildConfigurations = (
				5070F0032A0EC61000364092 /* Debug */,
				5070F0042A0EC61000364092 /* Release */,
			);
			defaultConfigurationIsVisible = 0;
			defaultConfigurationName = Release;
		};
/* End XCConfigurationList section */
	};
	rootObject = 5070EFE42A0EC61000364092 /* Project object */;
}
